
Microsoft Visual Studio Solution File, Format Version 12.00
# Visual Studio Version 17
VisualStudioVersion = 17.14.36518.9
MinimumVisualStudioVersion = 10.0.40219.1
Project("{2150E333-8FDC-42A3-9474-1A3956D46DE8}") = "1. Presentation", "1. Presentation", "{02EA681E-C7D8-13C7-8484-4AC65E1B71E8}"
EndProject
Project("{2150E333-8FDC-42A3-9474-1A3956D46DE8}") = "3. Infrastructure", "3. Infrastructure", "{ABF52DE5-8E97-4E2C-9055-A6543346BADA}"
EndProject
Project("{FAE04EC0-301F-11D3-BF4B-00C04F79EFBC}") = "SmartBiterp.Api", "SmartBiterp.Api\SmartBiterp.Api.csproj", "{20F47DF0-3967-4783-8B88-199C1D9AFF01}"
EndProject
Project("{FAE04EC0-301F-11D3-BF4B-00C04F79EFBC}") = "SmartBiterp.Infrastructure", "SmartBiterp.Infraestructura\SmartBiterp.Infrastructure.csproj", "{7431A9CC-897F-4B9B-8F5B-547DBDB8667D}"
EndProject
Project("{2150E333-8FDC-42A3-9474-1A3956D46DE8}") = "4. Domain", "4. Domain", "{15A29AB8-C3E9-47EC-B6BF-2026AA040951}"
EndProject
Project("{FAE04EC0-301F-11D3-BF4B-00C04F79EFBC}") = "SmartBiterp.Domain", "SmartBiterp.Domain\SmartBiterp.Domain.csproj", "{C13C87D3-1E0C-4B66-B0DB-AE28A010153B}"
EndProject
Project("{2150E333-8FDC-42A3-9474-1A3956D46DE8}") = "2. Application", "2. Application", "{521FE1F9-9FA2-4200-B6AA-CF46D76112E9}"
EndProject
Project("{FAE04EC0-301F-11D3-BF4B-00C04F79EFBC}") = "SmartBiterp.Application", "SmartBiterp.Application\SmartBiterp.Application.csproj", "{E956E407-FE9B-41A2-ABEE-1E6A7DAFB17B}"
EndProject
Project("{2150E333-8FDC-42A3-9474-1A3956D46DE8}") = "5. Shared", "5. Shared", "{6FC64903-4E24-43FB-8134-A1022278109A}"
EndProject
Project("{FAE04EC0-301F-11D3-BF4B-00C04F79EFBC}") = "SmartBiterp.Shared", "SmartBiterp.Shared\SmartBiterp.Shared.csproj", "{39742F1D-D8F2-4CD3-B12F-1D63700D58C4}"
EndProject
Project("{2150E333-8FDC-42A3-9474-1A3956D46DE8}") = "0. Documentation", "0. Documentation", "{D04F47A3-802D-4E8C-BF2C-976480573D87}"
EndProject
Project("{2150E333-8FDC-42A3-9474-1A3956D46DE8}") = "6. Tests", "6. Tests", "{B625B231-293E-403F-B16F-0D30D2D69D41}"
EndProject
Project("{FAE04EC0-301F-11D3-BF4B-00C04F79EFBC}") = "SmartBiterp.UnitTests", "SmartBiterp.UnitTests\SmartBiterp.UnitTests.csproj", "{5524C4B2-1712-43D1-9BE3-6C519C9233EC}"
EndProject
Project("{2150E333-8FDC-42A3-9474-1A3956D46DE8}") = "Arquitectura", "Arquitectura", "{AE55144E-4417-450A-9998-5BB9C0445BB8}"
EndProject
Project("{2150E333-8FDC-42A3-9474-1A3956D46DE8}") = "Backend", "Backend", "{906C4D5B-6B1B-4F95-AA40-BBBE50D2520E}"
EndProject
Project("{2150E333-8FDC-42A3-9474-1A3956D46DE8}") = "BaseDatos", "BaseDatos", "{9D808FB2-A9AE-456B-AA3C-C72BBC9A3611}"
EndProject
Project("{2150E333-8FDC-42A3-9474-1A3956D46DE8}") = "Pruebas", "Pruebas", "{B266B8F3-795E-4462-8436-152BAED31682}"
EndProject
Project("{FAE04EC0-301F-11D3-BF4B-00C04F79EFBC}") = "SmartBiterp.IntegrationTests", "SmartBiterp.IntegrationTests\SmartBiterp.IntegrationTests.csproj", "{98F91168-9DA5-47A6-BB81-BAAA7E8342ED}"
EndProject
Project("{FAE04EC0-301F-11D3-BF4B-00C04F79EFBC}") = "SmartBiterp.ApiTests", "SmartBiterp.ApiTests\SmartBiterp.ApiTests.csproj", "{5241F0B2-ADD7-474A-88F9-2CACE1F49C17}"
EndProject
Global
	GlobalSection(SolutionConfigurationPlatforms) = preSolution
		Debug|Any CPU = Debug|Any CPU
		Release|Any CPU = Release|Any CPU
	EndGlobalSection
	GlobalSection(ProjectConfigurationPlatforms) = postSolution
		{20F47DF0-3967-4783-8B88-199C1D9AFF01}.Debug|Any CPU.ActiveCfg = Debug|Any CPU
		{20F47DF0-3967-4783-8B88-199C1D9AFF01}.Debug|Any CPU.Build.0 = Debug|Any CPU
		{20F47DF0-3967-4783-8B88-199C1D9AFF01}.Release|Any CPU.ActiveCfg = Release|Any CPU
		{20F47DF0-3967-4783-8B88-199C1D9AFF01}.Release|Any CPU.Build.0 = Release|Any CPU
		{7431A9CC-897F-4B9B-8F5B-547DBDB8667D}.Debug|Any CPU.ActiveCfg = Debug|Any CPU
		{7431A9CC-897F-4B9B-8F5B-547DBDB8667D}.Debug|Any CPU.Build.0 = Debug|Any CPU
		{7431A9CC-897F-4B9B-8F5B-547DBDB8667D}.Release|Any CPU.ActiveCfg = Release|Any CPU
		{7431A9CC-897F-4B9B-8F5B-547DBDB8667D}.Release|Any CPU.Build.0 = Release|Any CPU
		{C13C87D3-1E0C-4B66-B0DB-AE28A010153B}.Debug|Any CPU.ActiveCfg = Debug|Any CPU
		{C13C87D3-1E0C-4B66-B0DB-AE28A010153B}.Debug|Any CPU.Build.0 = Debug|Any CPU
		{C13C87D3-1E0C-4B66-B0DB-AE28A010153B}.Release|Any CPU.ActiveCfg = Release|Any CPU
		{C13C87D3-1E0C-4B66-B0DB-AE28A010153B}.Release|Any CPU.Build.0 = Release|Any CPU
		{E956E407-FE9B-41A2-ABEE-1E6A7DAFB17B}.Debug|Any CPU.ActiveCfg = Debug|Any CPU
		{E956E407-FE9B-41A2-ABEE-1E6A7DAFB17B}.Debug|Any CPU.Build.0 = Debug|Any CPU
		{E956E407-FE9B-41A2-ABEE-1E6A7DAFB17B}.Release|Any CPU.ActiveCfg = Release|Any CPU
		{E956E407-FE9B-41A2-ABEE-1E6A7DAFB17B}.Release|Any CPU.Build.0 = Release|Any CPU
		{39742F1D-D8F2-4CD3-B12F-1D63700D58C4}.Debug|Any CPU.ActiveCfg = Debug|Any CPU
		{39742F1D-D8F2-4CD3-B12F-1D63700D58C4}.Debug|Any CPU.Build.0 = Debug|Any CPU
		{39742F1D-D8F2-4CD3-B12F-1D63700D58C4}.Release|Any CPU.ActiveCfg = Release|Any CPU
		{39742F1D-D8F2-4CD3-B12F-1D63700D58C4}.Release|Any CPU.Build.0 = Release|Any CPU
		{5524C4B2-1712-43D1-9BE3-6C519C9233EC}.Debug|Any CPU.ActiveCfg = Debug|Any CPU
		{5524C4B2-1712-43D1-9BE3-6C519C9233EC}.Debug|Any CPU.Build.0 = Debug|Any CPU
		{5524C4B2-1712-43D1-9BE3-6C519C9233EC}.Release|Any CPU.ActiveCfg = Release|Any CPU
		{5524C4B2-1712-43D1-9BE3-6C519C9233EC}.Release|Any CPU.Build.0 = Release|Any CPU
		{98F91168-9DA5-47A6-BB81-BAAA7E8342ED}.Debug|Any CPU.ActiveCfg = Debug|Any CPU
		{98F91168-9DA5-47A6-BB81-BAAA7E8342ED}.Debug|Any CPU.Build.0 = Debug|Any CPU
		{98F91168-9DA5-47A6-BB81-BAAA7E8342ED}.Release|Any CPU.ActiveCfg = Release|Any CPU
		{98F91168-9DA5-47A6-BB81-BAAA7E8342ED}.Release|Any CPU.Build.0 = Release|Any CPU
		{5241F0B2-ADD7-474A-88F9-2CACE1F49C17}.Debug|Any CPU.ActiveCfg = Debug|Any CPU
		{5241F0B2-ADD7-474A-88F9-2CACE1F49C17}.Debug|Any CPU.Build.0 = Debug|Any CPU
		{5241F0B2-ADD7-474A-88F9-2CACE1F49C17}.Release|Any CPU.ActiveCfg = Release|Any CPU
		{5241F0B2-ADD7-474A-88F9-2CACE1F49C17}.Release|Any CPU.Build.0 = Release|Any CPU
	EndGlobalSection
	GlobalSection(SolutionProperties) = preSolution
		HideSolutionNode = FALSE
	EndGlobalSection
	GlobalSection(NestedProjects) = preSolution
		{20F47DF0-3967-4783-8B88-199C1D9AFF01} = {02EA681E-C7D8-13C7-8484-4AC65E1B71E8}
		{7431A9CC-897F-4B9B-8F5B-547DBDB8667D} = {ABF52DE5-8E97-4E2C-9055-A6543346BADA}
		{C13C87D3-1E0C-4B66-B0DB-AE28A010153B} = {15A29AB8-C3E9-47EC-B6BF-2026AA040951}
		{E956E407-FE9B-41A2-ABEE-1E6A7DAFB17B} = {521FE1F9-9FA2-4200-B6AA-CF46D76112E9}
		{39742F1D-D8F2-4CD3-B12F-1D63700D58C4} = {6FC64903-4E24-43FB-8134-A1022278109A}
		{5524C4B2-1712-43D1-9BE3-6C519C9233EC} = {B625B231-293E-403F-B16F-0D30D2D69D41}
		{AE55144E-4417-450A-9998-5BB9C0445BB8} = {D04F47A3-802D-4E8C-BF2C-976480573D87}
		{906C4D5B-6B1B-4F95-AA40-BBBE50D2520E} = {D04F47A3-802D-4E8C-BF2C-976480573D87}
		{9D808FB2-A9AE-456B-AA3C-C72BBC9A3611} = {D04F47A3-802D-4E8C-BF2C-976480573D87}
		{B266B8F3-795E-4462-8436-152BAED31682} = {D04F47A3-802D-4E8C-BF2C-976480573D87}
		{98F91168-9DA5-47A6-BB81-BAAA7E8342ED} = {B625B231-293E-403F-B16F-0D30D2D69D41}
		{5241F0B2-ADD7-474A-88F9-2CACE1F49C17} = {B625B231-293E-403F-B16F-0D30D2D69D41}
	EndGlobalSection
	GlobalSection(ExtensibilityGlobals) = postSolution
		SolutionGuid = {430EA95D-0A97-40FA-BBDB-67271CF52CD3}
	EndGlobalSection
EndGlobal
